// !$*UTF8*$!
{
	archiveVersion = 1;
	classes = {
	};
	objectVersion = 46;
	objects = {

/* Begin PBXBuildFile section */
		7E96A1041C93ADB00087E8F7 /* AppDelegate.swift in Sources */ = {isa = PBXBuildFile; fileRef = 7E96A1031C93ADB00087E8F7 /* AppDelegate.swift */; };
		7E96A1061C93ADB00087E8F7 /* ViewController.swift in Sources */ = {isa = PBXBuildFile; fileRef = 7E96A1051C93ADB00087E8F7 /* ViewController.swift */; };
		7E96A1091C93ADB00087E8F7 /* Main.storyboard in Resources */ = {isa = PBXBuildFile; fileRef = 7E96A1071C93ADB00087E8F7 /* Main.storyboard */; };
		7E96A10B1C93ADB00087E8F7 /* Assets.xcassets in Resources */ = {isa = PBXBuildFile; fileRef = 7E96A10A1C93ADB00087E8F7 /* Assets.xcassets */; };
		7E96A10E1C93ADB00087E8F7 /* LaunchScreen.storyboard in Resources */ = {isa = PBXBuildFile; fileRef = 7E96A10C1C93ADB00087E8F7 /* LaunchScreen.storyboard */; };
		7E96A1191C93ADB00087E8F7 /* MemeMoiTests.swift in Sources */ = {isa = PBXBuildFile; fileRef = 7E96A1181C93ADB00087E8F7 /* MemeMoiTests.swift */; };
		7E96A1241C93ADB00087E8F7 /* MemeMoiUITests.swift in Sources */ = {isa = PBXBuildFile; fileRef = 7E96A1231C93ADB00087E8F7 /* MemeMoiUITests.swift */; };
/* End PBXBuildFile section */

/* Begin PBXContainerItemProxy section */
		7E96A1151C93ADB00087E8F7 /* PBXContainerItemProxy */ = {
			isa = PBXContainerItemProxy;
			containerPortal = 7E96A0F81C93ADB00087E8F7 /* Project object */;
			proxyType = 1;
			remoteGlobalIDString = 7E96A0FF1C93ADB00087E8F7;
			remoteInfo = MemeMoi;
		};
		7E96A1201C93ADB00087E8F7 /* PBXContainerItemProxy */ = {
			isa = PBXContainerItemProxy;
			containerPortal = 7E96A0F81C93ADB00087E8F7 /* Project object */;
			proxyType = 1;
			remoteGlobalIDString = 7E96A0FF1C93ADB00087E8F7;
			remoteInfo = MemeMoi;
		};
/* End PBXContainerItemProxy section */

/* Begin PBXFileReference section */
		7E96A1001C93ADB00087E8F7 /* MemeMoi.app */ = {isa = PBXFileReference; explicitFileType = wrapper.application; includeInIndex = 0; path = MemeMoi.app; sourceTree = BUILT_PRODUCTS_DIR; };
		7E96A1031C93ADB00087E8F7 /* AppDelegate.swift */ = {isa = PBXFileReference; lastKnownFileType = sourcecode.swift; path = AppDelegate.swift; sourceTree = "<group>"; };
		7E96A1051C93ADB00087E8F7 /* ViewController.swift */ = {isa = PBXFileReference; lastKnownFileType = sourcecode.swift; path = ViewController.swift; sourceTree = "<group>"; };
		7E96A1081C93ADB00087E8F7 /* Base */ = {isa = PBXFileReference; lastKnownFileType = file.storyboard; name = Base; path = Base.lproj/Main.storyboard; sourceTree = "<group>"; };
		7E96A10A1C93ADB00087E8F7 /* Assets.xcassets */ = {isa = PBXFileReference; lastKnownFileType = folder.assetcatalog; path = Assets.xcassets; sourceTree = "<group>"; };
		7E96A10D1C93ADB00087E8F7 /* Base */ = {isa = PBXFileReference; lastKnownFileType = file.storyboard; name = Base; path = Base.lproj/LaunchScreen.storyboard; sourceTree = "<group>"; };
		7E96A10F1C93ADB00087E8F7 /* Info.plist */ = {isa = PBXFileReference; lastKnownFileType = text.plist.xml; path = Info.plist; sourceTree = "<group>"; };
		7E96A1141C93ADB00087E8F7 /* MemeMoiTests.xctest */ = {isa = PBXFileReference; explicitFileType = wrapper.cfbundle; includeInIndex = 0; path = MemeMoiTests.xctest; sourceTree = BUILT_PRODUCTS_DIR; };
		7E96A1181C93ADB00087E8F7 /* MemeMoiTests.swift */ = {isa = PBXFileReference; lastKnownFileType = sourcecode.swift; path = MemeMoiTests.swift; sourceTree = "<group>"; };
		7E96A11A1C93ADB00087E8F7 /* Info.plist */ = {isa = PBXFileReference; lastKnownFileType = text.plist.xml; path = Info.plist; sourceTree = "<group>"; };
		7E96A11F1C93ADB00087E8F7 /* MemeMoiUITests.xctest */ = {isa = PBXFileReference; explicitFileType = wrapper.cfbundle; includeInIndex = 0; path = MemeMoiUITests.xctest; sourceTree = BUILT_PRODUCTS_DIR; };
		7E96A1231C93ADB00087E8F7 /* MemeMoiUITests.swift */ = {isa = PBXFileReference; lastKnownFileType = sourcecode.swift; path = MemeMoiUITests.swift; sourceTree = "<group>"; };
		7E96A1251C93ADB00087E8F7 /* Info.plist */ = {isa = PBXFileReference; lastKnownFileType = text.plist.xml; path = Info.plist; sourceTree = "<group>"; };
/* End PBXFileReference section */

/* Begin PBXFrameworksBuildPhase section */
		7E96A0FD1C93ADB00087E8F7 /* Frameworks */ = {
			isa = PBXFrameworksBuildPhase;
			buildActionMask = 2147483647;
			files = (
			);
			runOnlyForDeploymentPostprocessing = 0;
		};
		7E96A1111C93ADB00087E8F7 /* Frameworks */ = {
			isa = PBXFrameworksBuildPhase;
			buildActionMask = 2147483647;
			files = (
			);
			runOnlyForDeploymentPostprocessing = 0;
		};
		7E96A11C1C93ADB00087E8F7 /* Frameworks */ = {
			isa = PBXFrameworksBuildPhase;
			buildActionMask = 2147483647;
			files = (
			);
			runOnlyForDeploymentPostprocessing = 0;
		};
/* End PBXFrameworksBuildPhase section */

/* Begin PBXGroup section */
		7E96A0F71C93ADB00087E8F7 = {
			isa = PBXGroup;
			children = (
				7E96A1021C93ADB00087E8F7 /* MemeMoi */,
				7E96A1171C93ADB00087E8F7 /* MemeMoiTests */,
				7E96A1221C93ADB00087E8F7 /* MemeMoiUITests */,
				7E96A1011C93ADB00087E8F7 /* Products */,
			);
			sourceTree = "<group>";
		};
		7E96A1011C93ADB00087E8F7 /* Products */ = {
			isa = PBXGroup;
			children = (
				7E96A1001C93ADB00087E8F7 /* MemeMoi.app */,
				7E96A1141C93ADB00087E8F7 /* MemeMoiTests.xctest */,
				7E96A11F1C93ADB00087E8F7 /* MemeMoiUITests.xctest */,
			);
			name = Products;
			sourceTree = "<group>";
		};
		7E96A1021C93ADB00087E8F7 /* MemeMoi */ = {
			isa = PBXGroup;
			children = (
				7E96A1031C93ADB00087E8F7 /* AppDelegate.swift */,
				7E96A1051C93ADB00087E8F7 /* ViewController.swift */,
				7E96A1071C93ADB00087E8F7 /* Main.storyboard */,
				7E96A10A1C93ADB00087E8F7 /* Assets.xcassets */,
				7E96A10C1C93ADB00087E8F7 /* LaunchScreen.storyboard */,
				7E96A10F1C93ADB00087E8F7 /* Info.plist */,
			);
			path = MemeMoi;
			sourceTree = "<group>";
		};
		7E96A1171C93ADB00087E8F7 /* MemeMoiTests */ = {
			isa = PBXGroup;
			children = (
				7E96A1181C93ADB00087E8F7 /* MemeMoiTests.swift */,
				7E96A11A1C93ADB00087E8F7 /* Info.plist */,
			);
			path = MemeMoiTests;
			sourceTree = "<group>";
		};
		7E96A1221C93ADB00087E8F7 /* MemeMoiUITests */ = {
			isa = PBXGroup;
			children = (
				7E96A1231C93ADB00087E8F7 /* MemeMoiUITests.swift */,
				7E96A1251C93ADB00087E8F7 /* Info.plist */,
			);
			path = MemeMoiUITests;
			sourceTree = "<group>";
		};
/* End PBXGroup section */

/* Begin PBXNativeTarget section */
		7E96A0FF1C93ADB00087E8F7 /* MemeMoi */ = {
			isa = PBXNativeTarget;
			buildConfigurationList = 7E96A1281C93ADB00087E8F7 /* Build configuration list for PBXNativeTarget "MemeMoi" */;
			buildPhases = (
				7E96A0FC1C93ADB00087E8F7 /* Sources */,
				7E96A0FD1C93ADB00087E8F7 /* Frameworks */,
				7E96A0FE1C93ADB00087E8F7 /* Resources */,
			);
			buildRules = (
			);
			dependencies = (
			);
			name = MemeMoi;
			productName = MemeMoi;
			productReference = 7E96A1001C93ADB00087E8F7 /* MemeMoi.app */;
			productType = "com.apple.product-type.application";
		};
		7E96A1131C93ADB00087E8F7 /* MemeMoiTests */ = {
			isa = PBXNativeTarget;
			buildConfigurationList = 7E96A12B1C93ADB00087E8F7 /* Build configuration list for PBXNativeTarget "MemeMoiTests" */;
			buildPhases = (
				7E96A1101C93ADB00087E8F7 /* Sources */,
				7E96A1111C93ADB00087E8F7 /* Frameworks */,
				7E96A1121C93ADB00087E8F7 /* Resources */,
			);
			buildRules = (
			);
			dependencies = (
				7E96A1161C93ADB00087E8F7 /* PBXTargetDependency */,
			);
			name = MemeMoiTests;
			productName = MemeMoiTests;
			productReference = 7E96A1141C93ADB00087E8F7 /* MemeMoiTests.xctest */;
			productType = "com.apple.product-type.bundle.unit-test";
		};
		7E96A11E1C93ADB00087E8F7 /* MemeMoiUITests */ = {
			isa = PBXNativeTarget;
			buildConfigurationList = 7E96A12E1C93ADB00087E8F7 /* Build configuration list for PBXNativeTarget "MemeMoiUITests" */;
			buildPhases = (
				7E96A11B1C93ADB00087E8F7 /* Sources */,
				7E96A11C1C93ADB00087E8F7 /* Frameworks */,
				7E96A11D1C93ADB00087E8F7 /* Resources */,
			);
			buildRules = (
			);
			dependencies = (
				7E96A1211C93ADB00087E8F7 /* PBXTargetDependency */,
			);
			name = MemeMoiUITests;
			productName = MemeMoiUITests;
			productReference = 7E96A11F1C93ADB00087E8F7 /* MemeMoiUITests.xctest */;
			productType = "com.apple.product-type.bundle.ui-testing";
		};
/* End PBXNativeTarget section */

/* Begin PBXProject section */
		7E96A0F81C93ADB00087E8F7 /* Project object */ = {
			isa = PBXProject;
			attributes = {
				LastSwiftUpdateCheck = 0720;
				LastUpgradeCheck = 0720;
				ORGANIZATIONNAME = "LuCH";
				TargetAttributes = {
					7E96A0FF1C93ADB00087E8F7 = {
						CreatedOnToolsVersion = 7.2.1;
						DevelopmentTeam = M7BAEPKG57;
					};
					7E96A1131C93ADB00087E8F7 = {
						CreatedOnToolsVersion = 7.2.1;
						DevelopmentTeam = M7BAEPKG57;
						TestTargetID = 7E96A0FF1C93ADB00087E8F7;
					};
					7E96A11E1C93ADB00087E8F7 = {
						CreatedOnToolsVersion = 7.2.1;
						DevelopmentTeam = M7BAEPKG57;
						TestTargetID = 7E96A0FF1C93ADB00087E8F7;
					};
				};
			};
			buildConfigurationList = 7E96A0FB1C93ADB00087E8F7 /* Build configuration list for PBXProject "MemeMoi" */;
			compatibilityVersion = "Xcode 3.2";
			developmentRegion = English;
			hasScannedForEncodings = 0;
			knownRegions = (
				en,
				Base,
			);
			mainGroup = 7E96A0F71C93ADB00087E8F7;
			productRefGroup = 7E96A1011C93ADB00087E8F7 /* Products */;
			projectDirPath = "";
			projectRoot = "";
			targets = (
				7E96A0FF1C93ADB00087E8F7 /* MemeMoi */,
				7E96A1131C93ADB00087E8F7 /* MemeMoiTests */,
				7E96A11E1C93ADB00087E8F7 /* MemeMoiUITests */,
			);
		};
/* End PBXProject section */

/* Begin PBXResourcesBuildPhase section */
		7E96A0FE1C93ADB00087E8F7 /* Resources */ = {
			isa = PBXResourcesBuildPhase;
			buildActionMask = 2147483647;
			files = (
				7E96A10E1C93ADB00087E8F7 /* LaunchScreen.storyboard in Resources */,
				7E96A10B1C93ADB00087E8F7 /* Assets.xcassets in Resources */,
				7E96A1091C93ADB00087E8F7 /* Main.storyboard in Resources */,
			);
			runOnlyForDeploymentPostprocessing = 0;
		};
		7E96A1121C93ADB00087E8F7 /* Resources */ = {
			isa = PBXResourcesBuildPhase;
			buildActionMask = 2147483647;
			files = (
			);
			runOnlyForDeploymentPostprocessing = 0;
		};
		7E96A11D1C93ADB00087E8F7 /* Resources */ = {
			isa = PBXResourcesBuildPhase;
			buildActionMask = 2147483647;
			files = (
			);
			runOnlyForDeploymentPostprocessing = 0;
		};
/* End PBXResourcesBuildPhase section */

/* Begin PBXSourcesBuildPhase section */
		7E96A0FC1C93ADB00087E8F7 /* Sources */ = {
			isa = PBXSourcesBuildPhase;
			buildActionMask = 2147483647;
			files = (
				7E96A1061C93ADB00087E8F7 /* ViewController.swift in Sources */,
				7E96A1041C93ADB00087E8F7 /* AppDelegate.swift in Sources */,
			);
			runOnlyForDeploymentPostprocessing = 0;
		};
		7E96A1101C93ADB00087E8F7 /* Sources */ = {
			isa = PBXSourcesBuildPhase;
			buildActionMask = 2147483647;
			files = (
				7E96A1191C93ADB00087E8F7 /* MemeMoiTests.swift in Sources */,
			);
			runOnlyForDeploymentPostprocessing = 0;
		};
		7E96A11B1C93ADB00087E8F7 /* Sources */ = {
			isa = PBXSourcesBuildPhase;
			buildActionMask = 2147483647;
			files = (
				7E96A1241C93ADB00087E8F7 /* MemeMoiUITests.swift in Sources */,
			);
			runOnlyForDeploymentPostprocessing = 0;
		};
/* End PBXSourcesBuildPhase section */

/* Begin PBXTargetDependency section */
		7E96A1161C93ADB00087E8F7 /* PBXTargetDependency */ = {
			isa = PBXTargetDependency;
			target = 7E96A0FF1C93ADB00087E8F7 /* MemeMoi */;
			targetProxy = 7E96A1151C93ADB00087E8F7 /* PBXContainerItemProxy */;
		};
		7E96A1211C93ADB00087E8F7 /* PBXTargetDependency */ = {
			isa = PBXTargetDependency;
			target = 7E96A0FF1C93ADB00087E8F7 /* MemeMoi */;
			targetProxy = 7E96A1201C93ADB00087E8F7 /* PBXContainerItemProxy */;
		};
/* End PBXTargetDependency section */

/* Begin PBXVariantGroup section */
		7E96A1071C93ADB00087E8F7 /* Main.storyboard */ = {
			isa = PBXVariantGroup;
			children = (
				7E96A1081C93ADB00087E8F7 /* Base */,
			);
			name = Main.storyboard;
			sourceTree = "<group>";
		};
		7E96A10C1C93ADB00087E8F7 /* LaunchScreen.storyboard */ = {
			isa = PBXVariantGroup;
			children = (
				7E96A10D1C93ADB00087E8F7 /* Base */,
			);
			name = LaunchScreen.storyboard;
			sourceTree = "<group>";
		};
/* End PBXVariantGroup section */

/* Begin XCBuildConfiguration section */
		7E96A1261C93ADB00087E8F7 /* Debug */ = {
			isa = XCBuildConfiguration;
			buildSettings = {
				ALWAYS_SEARCH_USER_PATHS = NO;
				CLANG_CXX_LANGUAGE_STANDARD = "gnu++0x";
				CLANG_CXX_LIBRARY = "libc++";
				CLANG_ENABLE_MODULES = YES;
				CLANG_ENABLE_OBJC_ARC = YES;
				CLANG_WARN_BOOL_CONVERSION = YES;
				CLANG_WARN_CONSTANT_CONVERSION = YES;
				CLANG_WARN_DIRECT_OBJC_ISA_USAGE = YES_ERROR;
				CLANG_WARN_EMPTY_BODY = YES;
				CLANG_WARN_ENUM_CONVERSION = YES;
				CLANG_WARN_INT_CONVERSION = YES;
				CLANG_WARN_OBJC_ROOT_CLASS = YES_ERROR;
				CLANG_WARN_UNREACHABLE_CODE = YES;
				CLANG_WARN__DUPLICATE_METHOD_MATCH = YES;
				"CODE_SIGN_IDENTITY[sdk=iphoneos*]" = "iPhone Developer";
				COPY_PHASE_STRIP = NO;
				DEBUG_INFORMATION_FORMAT = dwarf;
				ENABLE_STRICT_OBJC_MSGSEND = YES;
				ENABLE_TESTABILITY = YES;
				GCC_C_LANGUAGE_STANDARD = gnu99;
				GCC_DYNAMIC_NO_PIC = NO;
				GCC_NO_COMMON_BLOCKS = YES;
				GCC_OPTIMIZATION_LEVEL = 0;
				GCC_PREPROCESSOR_DEFINITIONS = (
					"DEBUG=1",
					"$(inherited)",
				);
				GCC_WARN_64_TO_32_BIT_CONVERSION = YES;
				GCC_WARN_ABOUT_RETURN_TYPE = YES_ERROR;
				GCC_WARN_UNDECLARED_SELECTOR = YES;
				GCC_WARN_UNINITIALIZED_AUTOS = YES_AGGRESSIVE;
				GCC_WARN_UNUSED_FUNCTION = YES;
				GCC_WARN_UNUSED_VARIABLE = YES;
				IPHONEOS_DEPLOYMENT_TARGET = 9.2;
				MTL_ENABLE_DEBUG_INFO = YES;
				ONLY_ACTIVE_ARCH = YES;
				SDKROOT = iphoneos;
				SWIFT_OPTIMIZATION_LEVEL = "-Onone";
				TARGETED_DEVICE_FAMILY = "1,2";
			};
			name = Debug;
		};
		7E96A1271C93ADB00087E8F7 /* Release */ = {
			isa = XCBuildConfiguration;
			buildSettings = {
				ALWAYS_SEARCH_USER_PATHS = NO;
				CLANG_CXX_LANGUAGE_STANDARD = "gnu++0x";
				CLANG_CXX_LIBRARY = "libc++";
				CLANG_ENABLE_MODULES = YES;
				CLANG_ENABLE_OBJC_ARC = YES;
				CLANG_WARN_BOOL_CONVERSION = YES;
				CLANG_WARN_CONSTANT_CONVERSION = YES;
				CLANG_WARN_DIRECT_OBJC_ISA_USAGE = YES_ERROR;
				CLANG_WARN_EMPTY_BODY = YES;
				CLANG_WARN_ENUM_CONVERSION = YES;
				CLANG_WARN_INT_CONVERSION = YES;
				CLANG_WARN_OBJC_ROOT_CLASS = YES_ERROR;
				CLANG_WARN_UNREACHABLE_CODE = YES;
				CLANG_WARN__DUPLICATE_METHOD_MATCH = YES;
				"CODE_SIGN_IDENTITY[sdk=iphoneos*]" = "iPhone Developer";
				COPY_PHASE_STRIP = NO;
				DEBUG_INFORMATION_FORMAT = "dwarf-with-dsym";
				ENABLE_NS_ASSERTIONS = NO;
				ENABLE_STRICT_OBJC_MSGSEND = YES;
				GCC_C_LANGUAGE_STANDARD = gnu99;
				GCC_NO_COMMON_BLOCKS = YES;
				GCC_WARN_64_TO_32_BIT_CONVERSION = YES;
				GCC_WARN_ABOUT_RETURN_TYPE = YES_ERROR;
				GCC_WARN_UNDECLARED_SELECTOR = YES;
				GCC_WARN_UNINITIALIZED_AUTOS = YES_AGGRESSIVE;
				GCC_WARN_UNUSED_FUNCTION = YES;
				GCC_WARN_UNUSED_VARIABLE = YES;
				IPHONEOS_DEPLOYMENT_TARGET = 9.2;
				MTL_ENABLE_DEBUG_INFO = NO;
				SDKROOT = iphoneos;
				TARGETED_DEVICE_FAMILY = "1,2";
				VALIDATE_PRODUCT = YES;
			};
			name = Release;
		};
		7E96A1291C93ADB00087E8F7 /* Debug */ = {
			isa = XCBuildConfiguration;
			buildSettings = {
				ASSETCATALOG_COMPILER_APPICON_NAME = AppIcon;
				CODE_SIGN_IDENTITY = "iPhone Developer";
				INFOPLIST_FILE = MemeMoi/Info.plist;
				LD_RUNPATH_SEARCH_PATHS = "$(inherited) @executable_path/Frameworks";
				PRODUCT_BUNDLE_IDENTIFIER = com.cheungfamgram.MemeMoi;
				PRODUCT_NAME = "$(TARGET_NAME)";
			};
			name = Debug;
		};
		7E96A12A1C93ADB00087E8F7 /* Release */ = {
			isa = XCBuildConfiguration;
			buildSettings = {
				ASSETCATALOG_COMPILER_APPICON_NAME = AppIcon;
				CODE_SIGN_IDENTITY = "iPhone Developer";
				INFOPLIST_FILE = MemeMoi/Info.plist;
				LD_RUNPATH_SEARCH_PATHS = "$(inherited) @executable_path/Frameworks";
				PRODUCT_BUNDLE_IDENTIFIER = com.cheungfamgram.MemeMoi;
				PRODUCT_NAME = "$(TARGET_NAME)";
			};
			name = Release;
		};
		7E96A12C1C93ADB00087E8F7 /* Debug */ = {
			isa = XCBuildConfiguration;
			buildSettings = {
				BUNDLE_LOADER = "$(TEST_HOST)";
				INFOPLIST_FILE = MemeMoiTests/Info.plist;
				LD_RUNPATH_SEARCH_PATHS = "$(inherited) @executable_path/Frameworks @loader_path/Frameworks";
				PRODUCT_BUNDLE_IDENTIFIER = com.cheungfamgram.MemeMoiTests;
				PRODUCT_NAME = "$(TARGET_NAME)";
				TEST_HOST = "$(BUILT_PRODUCTS_DIR)/MemeMoi.app/MemeMoi";
			};
			name = Debug;
		};
		7E96A12D1C93ADB00087E8F7 /* Release */ = {
			isa = XCBuildConfiguration;
			buildSettings = {
				BUNDLE_LOADER = "$(TEST_HOST)";
				INFOPLIST_FILE = MemeMoiTests/Info.plist;
				LD_RUNPATH_SEARCH_PATHS = "$(inherited) @executable_path/Frameworks @loader_path/Frameworks";
				PRODUCT_BUNDLE_IDENTIFIER = com.cheungfamgram.MemeMoiTests;
				PRODUCT_NAME = "$(TARGET_NAME)";
				TEST_HOST = "$(BUILT_PRODUCTS_DIR)/MemeMoi.app/MemeMoi";
			};
			name = Release;
		};
		7E96A12F1C93ADB00087E8F7 /* Debug */ = {
			isa = XCBuildConfiguration;
			buildSettings = {
				INFOPLIST_FILE = MemeMoiUITests/Info.plist;
				LD_RUNPATH_SEARCH_PATHS = "$(inherited) @executable_path/Frameworks @loader_path/Frameworks";
				PRODUCT_BUNDLE_IDENTIFIER = com.cheungfamgram.MemeMoiUITests;
				PRODUCT_NAME = "$(TARGET_NAME)";
				TEST_TARGET_NAME = MemeMoi;
				USES_XCTRUNNER = YES;
			};
			name = Debug;
		};
		7E96A1301C93ADB00087E8F7 /* Release */ = {
			isa = XCBuildConfiguration;
			buildSettings = {
				INFOPLIST_FILE = MemeMoiUITests/Info.plist;
				LD_RUNPATH_SEARCH_PATHS = "$(inherited) @executable_path/Frameworks @loader_path/Frameworks";
				PRODUCT_BUNDLE_IDENTIFIER = com.cheungfamgram.MemeMoiUITests;
				PRODUCT_NAME = "$(TARGET_NAME)";
				TEST_TARGET_NAME = MemeMoi;
				USES_XCTRUNNER = YES;
			};
			name = Release;
		};
/* End XCBuildConfiguration section */

/* Begin XCConfigurationList section */
		7E96A0FB1C93ADB00087E8F7 /* Build configuration list for PBXProject "MemeMoi" */ = {
			isa = XCConfigurationList;
			buildConfigurations = (
				7E96A1261C93ADB00087E8F7 /* Debug */,
				7E96A1271C93ADB00087E8F7 /* Release */,
			);
			defaultConfigurationIsVisible = 0;
			defaultConfigurationName = Release;
		};
		7E96A1281C93ADB00087E8F7 /* Build configuration list for PBXNativeTarget "MemeMoi" */ = {
			isa = XCConfigurationList;
			buildConfigurations = (
				7E96A1291C93ADB00087E8F7 /* Debug */,
				7E96A12A1C93ADB00087E8F7 /* Release */,
			);
			defaultConfigurationIsVisible = 0;
		};
		7E96A12B1C93ADB00087E8F7 /* Build configuration list for PBXNativeTarget "MemeMoiTests" */ = {
			isa = XCConfigurationList;
			buildConfigurations = (
				7E96A12C1C93ADB00087E8F7 /* Debug */,
				7E96A12D1C93ADB00087E8F7 /* Release */,
			);
			defaultConfigurationIsVisible = 0;
		};
		7E96A12E1C93ADB00087E8F7 /* Build configuration list for PBXNativeTarget "MemeMoiUITests" */ = {
			isa = XCConfigurationList;
			buildConfigurations = (
				7E96A12F1C93ADB00087E8F7 /* Debug */,
				7E96A1301C93ADB00087E8F7 /* Release */,
			);
			defaultConfigurationIsVisible = 0;
		};
/* End XCConfigurationList section */
	};
	rootObject = 7E96A0F81C93ADB00087E8F7 /* Project object */;
}
